// !$*UTF8*$!
{
	archiveVersion = 1;
	classes = {
	};
	objectVersion = 46;
	objects = {

/* Begin PBXBuildFile section */
		873C639D1A8918BE00DAA8AA /* AddGame.m in Sources */ = {isa = PBXBuildFile; fileRef = 873C639C1A8918BE00DAA8AA /* AddGame.m */; };
		87D2BC9B1A88FD0C004C0490 /* CreateLogin.m in Sources */ = {isa = PBXBuildFile; fileRef = 87D2BC9A1A88FD0C004C0490 /* CreateLogin.m */; };
		87D2BC9E1A890931004C0490 /* MainDisplay.m in Sources */ = {isa = PBXBuildFile; fileRef = 87D2BC9D1A890931004C0490 /* MainDisplay.m */; };
		87E42A701A87D4FE000FE824 /* main.m in Sources */ = {isa = PBXBuildFile; fileRef = 87E42A6F1A87D4FE000FE824 /* main.m */; };
		87E42A731A87D4FE000FE824 /* AppDelegate.m in Sources */ = {isa = PBXBuildFile; fileRef = 87E42A721A87D4FE000FE824 /* AppDelegate.m */; };
		87E42A761A87D4FE000FE824 /* CPM1502_Week2.xcdatamodeld in Sources */ = {isa = PBXBuildFile; fileRef = 87E42A741A87D4FE000FE824 /* CPM1502_Week2.xcdatamodeld */; };
		87E42A791A87D4FE000FE824 /* ViewController.m in Sources */ = {isa = PBXBuildFile; fileRef = 87E42A781A87D4FE000FE824 /* ViewController.m */; };
		87E42A7C1A87D4FE000FE824 /* Main.storyboard in Resources */ = {isa = PBXBuildFile; fileRef = 87E42A7A1A87D4FE000FE824 /* Main.storyboard */; };
		87E42A7E1A87D4FE000FE824 /* Images.xcassets in Resources */ = {isa = PBXBuildFile; fileRef = 87E42A7D1A87D4FE000FE824 /* Images.xcassets */; };
		87E42A811A87D4FE000FE824 /* LaunchScreen.xib in Resources */ = {isa = PBXBuildFile; fileRef = 87E42A7F1A87D4FE000FE824 /* LaunchScreen.xib */; };
		87E42A8D1A87D4FF000FE824 /* CPM1502_Week2Tests.m in Sources */ = {isa = PBXBuildFile; fileRef = 87E42A8C1A87D4FF000FE824 /* CPM1502_Week2Tests.m */; };
		87E42A971A87D757000FE824 /* AudioToolbox.framework in Frameworks */ = {isa = PBXBuildFile; fileRef = 87E42A961A87D757000FE824 /* AudioToolbox.framework */; };
		87E42A991A87D760000FE824 /* CFNetwork.framework in Frameworks */ = {isa = PBXBuildFile; fileRef = 87E42A981A87D760000FE824 /* CFNetwork.framework */; };
		87E42A9B1A87D765000FE824 /* CoreGraphics.framework in Frameworks */ = {isa = PBXBuildFile; fileRef = 87E42A9A1A87D765000FE824 /* CoreGraphics.framework */; };
		87E42A9D1A87D76C000FE824 /* CoreLocation.framework in Frameworks */ = {isa = PBXBuildFile; fileRef = 87E42A9C1A87D76C000FE824 /* CoreLocation.framework */; };
		87E42A9F1A87D774000FE824 /* MobileCoreServices.framework in Frameworks */ = {isa = PBXBuildFile; fileRef = 87E42A9E1A87D774000FE824 /* MobileCoreServices.framework */; };
		87E42AA11A87D77D000FE824 /* QuartzCore.framework in Frameworks */ = {isa = PBXBuildFile; fileRef = 87E42AA01A87D77D000FE824 /* QuartzCore.framework */; };
		87E42AA31A87D782000FE824 /* Security.framework in Frameworks */ = {isa = PBXBuildFile; fileRef = 87E42AA21A87D782000FE824 /* Security.framework */; };
		87E42AA51A87D788000FE824 /* StoreKit.framework in Frameworks */ = {isa = PBXBuildFile; fileRef = 87E42AA41A87D788000FE824 /* StoreKit.framework */; };
		87E42AA71A87D78F000FE824 /* SystemConfiguration.framework in Frameworks */ = {isa = PBXBuildFile; fileRef = 87E42AA61A87D78F000FE824 /* SystemConfiguration.framework */; };
		87E42AA91A87D795000FE824 /* libz.dylib in Frameworks */ = {isa = PBXBuildFile; fileRef = 87E42AA81A87D795000FE824 /* libz.dylib */; };
		87E42AAB1A87D79C000FE824 /* libsqlite3.dylib in Frameworks */ = {isa = PBXBuildFile; fileRef = 87E42AAA1A87D79C000FE824 /* libsqlite3.dylib */; };
		87E42AAD1A87D7B2000FE824 /* Bolts.framework in Frameworks */ = {isa = PBXBuildFile; fileRef = 87E42AAC1A87D7B2000FE824 /* Bolts.framework */; };
		87E42AAF1A87D7BC000FE824 /* Parse.framework in Frameworks */ = {isa = PBXBuildFile; fileRef = 87E42AAE1A87D7BC000FE824 /* Parse.framework */; };
		87E42AB11A87DC13000FE824 /* Default-568h@2x.png in Resources */ = {isa = PBXBuildFile; fileRef = 87E42AB01A87DC13000FE824 /* Default-568h@2x.png */; };
/* End PBXBuildFile section */

/* Begin PBXContainerItemProxy section */
		87E42A871A87D4FF000FE824 /* PBXContainerItemProxy */ = {
			isa = PBXContainerItemProxy;
			containerPortal = 87E42A621A87D4FE000FE824 /* Project object */;
			proxyType = 1;
			remoteGlobalIDString = 87E42A691A87D4FE000FE824;
			remoteInfo = CPM1502_Week2;
		};
/* End PBXContainerItemProxy section */

/* Begin PBXFileReference section */
		873C639B1A8918BE00DAA8AA /* AddGame.h */ = {isa = PBXFileReference; fileEncoding = 4; lastKnownFileType = sourcecode.c.h; path = AddGame.h; sourceTree = "<group>"; };
		873C639C1A8918BE00DAA8AA /* AddGame.m */ = {isa = PBXFileReference; fileEncoding = 4; lastKnownFileType = sourcecode.c.objc; path = AddGame.m; sourceTree = "<group>"; };
		87D2BC991A88FD0C004C0490 /* CreateLogin.h */ = {isa = PBXFileReference; fileEncoding = 4; lastKnownFileType = sourcecode.c.h; path = CreateLogin.h; sourceTree = "<group>"; };
		87D2BC9A1A88FD0C004C0490 /* CreateLogin.m */ = {isa = PBXFileReference; fileEncoding = 4; lastKnownFileType = sourcecode.c.objc; path = CreateLogin.m; sourceTree = "<group>"; };
		87D2BC9C1A890931004C0490 /* MainDisplay.h */ = {isa = PBXFileReference; fileEncoding = 4; lastKnownFileType = sourcecode.c.h; path = MainDisplay.h; sourceTree = "<group>"; };
		87D2BC9D1A890931004C0490 /* MainDisplay.m */ = {isa = PBXFileReference; fileEncoding = 4; lastKnownFileType = sourcecode.c.objc; path = MainDisplay.m; sourceTree = "<group>"; };
		87E42A6A1A87D4FE000FE824 /* CPM1502_Week2.app */ = {isa = PBXFileReference; explicitFileType = wrapper.application; includeInIndex = 0; path = CPM1502_Week2.app; sourceTree = BUILT_PRODUCTS_DIR; };
		87E42A6E1A87D4FE000FE824 /* Info.plist */ = {isa = PBXFileReference; lastKnownFileType = text.plist.xml; path = Info.plist; sourceTree = "<group>"; };
		87E42A6F1A87D4FE000FE824 /* main.m */ = {isa = PBXFileReference; lastKnownFileType = sourcecode.c.objc; path = main.m; sourceTree = "<group>"; };
		87E42A711A87D4FE000FE824 /* AppDelegate.h */ = {isa = PBXFileReference; lastKnownFileType = sourcecode.c.h; path = AppDelegate.h; sourceTree = "<group>"; };
		87E42A721A87D4FE000FE824 /* AppDelegate.m */ = {isa = PBXFileReference; lastKnownFileType = sourcecode.c.objc; path = AppDelegate.m; sourceTree = "<group>"; };
		87E42A751A87D4FE000FE824 /* CPM1502_Week2.xcdatamodel */ = {isa = PBXFileReference; lastKnownFileType = wrapper.xcdatamodel; path = CPM1502_Week2.xcdatamodel; sourceTree = "<group>"; };
		87E42A771A87D4FE000FE824 /* ViewController.h */ = {isa = PBXFileReference; lastKnownFileType = sourcecode.c.h; path = ViewController.h; sourceTree = "<group>"; };
		87E42A781A87D4FE000FE824 /* ViewController.m */ = {isa = PBXFileReference; lastKnownFileType = sourcecode.c.objc; path = ViewController.m; sourceTree = "<group>"; };
		87E42A7B1A87D4FE000FE824 /* Base */ = {isa = PBXFileReference; lastKnownFileType = file.storyboard; name = Base; path = Base.lproj/Main.storyboard; sourceTree = "<group>"; };
		87E42A7D1A87D4FE000FE824 /* Images.xcassets */ = {isa = PBXFileReference; lastKnownFileType = folder.assetcatalog; path = Images.xcassets; sourceTree = "<group>"; };
		87E42A801A87D4FE000FE824 /* Base */ = {isa = PBXFileReference; lastKnownFileType = file.xib; name = Base; path = Base.lproj/LaunchScreen.xib; sourceTree = "<group>"; };
		87E42A861A87D4FF000FE824 /* CPM1502_Week2Tests.xctest */ = {isa = PBXFileReference; explicitFileType = wrapper.cfbundle; includeInIndex = 0; path = CPM1502_Week2Tests.xctest; sourceTree = BUILT_PRODUCTS_DIR; };
		87E42A8B1A87D4FF000FE824 /* Info.plist */ = {isa = PBXFileReference; lastKnownFileType = text.plist.xml; path = Info.plist; sourceTree = "<group>"; };
		87E42A8C1A87D4FF000FE824 /* CPM1502_Week2Tests.m */ = {isa = PBXFileReference; lastKnownFileType = sourcecode.c.objc; path = CPM1502_Week2Tests.m; sourceTree = "<group>"; };
		87E42A961A87D757000FE824 /* AudioToolbox.framework */ = {isa = PBXFileReference; lastKnownFileType = wrapper.framework; name = AudioToolbox.framework; path = System/Library/Frameworks/AudioToolbox.framework; sourceTree = SDKROOT; };
		87E42A981A87D760000FE824 /* CFNetwork.framework */ = {isa = PBXFileReference; lastKnownFileType = wrapper.framework; name = CFNetwork.framework; path = System/Library/Frameworks/CFNetwork.framework; sourceTree = SDKROOT; };
		87E42A9A1A87D765000FE824 /* CoreGraphics.framework */ = {isa = PBXFileReference; lastKnownFileType = wrapper.framework; name = CoreGraphics.framework; path = System/Library/Frameworks/CoreGraphics.framework; sourceTree = SDKROOT; };
		87E42A9C1A87D76C000FE824 /* CoreLocation.framework */ = {isa = PBXFileReference; lastKnownFileType = wrapper.framework; name = CoreLocation.framework; path = System/Library/Frameworks/CoreLocation.framework; sourceTree = SDKROOT; };
		87E42A9E1A87D774000FE824 /* MobileCoreServices.framework */ = {isa = PBXFileReference; lastKnownFileType = wrapper.framework; name = MobileCoreServices.framework; path = System/Library/Frameworks/MobileCoreServices.framework; sourceTree = SDKROOT; };
		87E42AA01A87D77D000FE824 /* QuartzCore.framework */ = {isa = PBXFileReference; lastKnownFileType = wrapper.framework; name = QuartzCore.framework; path = System/Library/Frameworks/QuartzCore.framework; sourceTree = SDKROOT; };
		87E42AA21A87D782000FE824 /* Security.framework */ = {isa = PBXFileReference; lastKnownFileType = wrapper.framework; name = Security.framework; path = System/Library/Frameworks/Security.framework; sourceTree = SDKROOT; };
		87E42AA41A87D788000FE824 /* StoreKit.framework */ = {isa = PBXFileReference; lastKnownFileType = wrapper.framework; name = StoreKit.framework; path = System/Library/Frameworks/StoreKit.framework; sourceTree = SDKROOT; };
		87E42AA61A87D78F000FE824 /* SystemConfiguration.framework */ = {isa = PBXFileReference; lastKnownFileType = wrapper.framework; name = SystemConfiguration.framework; path = System/Library/Frameworks/SystemConfiguration.framework; sourceTree = SDKROOT; };
		87E42AA81A87D795000FE824 /* libz.dylib */ = {isa = PBXFileReference; lastKnownFileType = "compiled.mach-o.dylib"; name = libz.dylib; path = usr/lib/libz.dylib; sourceTree = SDKROOT; };
		87E42AAA1A87D79C000FE824 /* libsqlite3.dylib */ = {isa = PBXFileReference; lastKnownFileType = "compiled.mach-o.dylib"; name = libsqlite3.dylib; path = usr/lib/libsqlite3.dylib; sourceTree = SDKROOT; };
		87E42AAC1A87D7B2000FE824 /* Bolts.framework */ = {isa = PBXFileReference; lastKnownFileType = wrapper.framework; path = Bolts.framework; sourceTree = "<group>"; };
		87E42AAE1A87D7BC000FE824 /* Parse.framework */ = {isa = PBXFileReference; lastKnownFileType = wrapper.framework; path = Parse.framework; sourceTree = "<group>"; };
		87E42AB01A87DC13000FE824 /* Default-568h@2x.png */ = {isa = PBXFileReference; lastKnownFileType = image.png; path = "Default-568h@2x.png"; sourceTree = "<group>"; };
/* End PBXFileReference section */

/* Begin PBXFrameworksBuildPhase section */
		87E42A671A87D4FE000FE824 /* Frameworks */ = {
			isa = PBXFrameworksBuildPhase;
			buildActionMask = 2147483647;
			files = (
				87E42AAB1A87D79C000FE824 /* libsqlite3.dylib in Frameworks */,
				87E42AA91A87D795000FE824 /* libz.dylib in Frameworks */,
				87E42AA71A87D78F000FE824 /* SystemConfiguration.framework in Frameworks */,
				87E42AAD1A87D7B2000FE824 /* Bolts.framework in Frameworks */,
				87E42AA51A87D788000FE824 /* StoreKit.framework in Frameworks */,
				87E42AA31A87D782000FE824 /* Security.framework in Frameworks */,
				87E42AAF1A87D7BC000FE824 /* Parse.framework in Frameworks */,
				87E42AA11A87D77D000FE824 /* QuartzCore.framework in Frameworks */,
				87E42A9F1A87D774000FE824 /* MobileCoreServices.framework in Frameworks */,
				87E42A9D1A87D76C000FE824 /* CoreLocation.framework in Frameworks */,
				87E42A9B1A87D765000FE824 /* CoreGraphics.framework in Frameworks */,
				87E42A991A87D760000FE824 /* CFNetwork.framework in Frameworks */,
				87E42A971A87D757000FE824 /* AudioToolbox.framework in Frameworks */,
			);
			runOnlyForDeploymentPostprocessing = 0;
		};
		87E42A831A87D4FE000FE824 /* Frameworks */ = {
			isa = PBXFrameworksBuildPhase;
			buildActionMask = 2147483647;
			files = (
			);
			runOnlyForDeploymentPostprocessing = 0;
		};
/* End PBXFrameworksBuildPhase section */

/* Begin PBXGroup section */
		87E42A611A87D4FE000FE824 = {
			isa = PBXGroup;
			children = (
				87E42AB01A87DC13000FE824 /* Default-568h@2x.png */,
				87E42AAE1A87D7BC000FE824 /* Parse.framework */,
				87E42AAC1A87D7B2000FE824 /* Bolts.framework */,
				87E42AAA1A87D79C000FE824 /* libsqlite3.dylib */,
				87E42AA81A87D795000FE824 /* libz.dylib */,
				87E42AA61A87D78F000FE824 /* SystemConfiguration.framework */,
				87E42AA41A87D788000FE824 /* StoreKit.framework */,
				87E42AA21A87D782000FE824 /* Security.framework */,
				87E42AA01A87D77D000FE824 /* QuartzCore.framework */,
				87E42A9E1A87D774000FE824 /* MobileCoreServices.framework */,
				87E42A9C1A87D76C000FE824 /* CoreLocation.framework */,
				87E42A9A1A87D765000FE824 /* CoreGraphics.framework */,
				87E42A981A87D760000FE824 /* CFNetwork.framework */,
				87E42A961A87D757000FE824 /* AudioToolbox.framework */,
				87E42A6C1A87D4FE000FE824 /* CPM1502_Week2 */,
				87E42A891A87D4FF000FE824 /* CPM1502_Week2Tests */,
				87E42A6B1A87D4FE000FE824 /* Products */,
			);
			sourceTree = "<group>";
		};
		87E42A6B1A87D4FE000FE824 /* Products */ = {
			isa = PBXGroup;
			children = (
				87E42A6A1A87D4FE000FE824 /* CPM1502_Week2.app */,
				87E42A861A87D4FF000FE824 /* CPM1502_Week2Tests.xctest */,
			);
			name = Products;
			sourceTree = "<group>";
		};
		87E42A6C1A87D4FE000FE824 /* CPM1502_Week2 */ = {
			isa = PBXGroup;
			children = (
				87E42A711A87D4FE000FE824 /* AppDelegate.h */,
				87E42A721A87D4FE000FE824 /* AppDelegate.m */,
				87E42A771A87D4FE000FE824 /* ViewController.h */,
				87E42A781A87D4FE000FE824 /* ViewController.m */,
				87E42A7A1A87D4FE000FE824 /* Main.storyboard */,
				87E42A7D1A87D4FE000FE824 /* Images.xcassets */,
				87E42A7F1A87D4FE000FE824 /* LaunchScreen.xib */,
				87E42A741A87D4FE000FE824 /* CPM1502_Week2.xcdatamodeld */,
				87E42A6D1A87D4FE000FE824 /* Supporting Files */,
				87D2BC991A88FD0C004C0490 /* CreateLogin.h */,
				87D2BC9A1A88FD0C004C0490 /* CreateLogin.m */,
				87D2BC9C1A890931004C0490 /* MainDisplay.h */,
				87D2BC9D1A890931004C0490 /* MainDisplay.m */,
				873C639B1A8918BE00DAA8AA /* AddGame.h */,
				873C639C1A8918BE00DAA8AA /* AddGame.m */,
			);
			path = CPM1502_Week2;
			sourceTree = "<group>";
		};
		87E42A6D1A87D4FE000FE824 /* Supporting Files */ = {
			isa = PBXGroup;
			children = (
				87E42A6E1A87D4FE000FE824 /* Info.plist */,
				87E42A6F1A87D4FE000FE824 /* main.m */,
			);
			name = "Supporting Files";
			sourceTree = "<group>";
		};
		87E42A891A87D4FF000FE824 /* CPM1502_Week2Tests */ = {
			isa = PBXGroup;
			children = (
				87E42A8C1A87D4FF000FE824 /* CPM1502_Week2Tests.m */,
				87E42A8A1A87D4FF000FE824 /* Supporting Files */,
			);
			path = CPM1502_Week2Tests;
			sourceTree = "<group>";
		};
		87E42A8A1A87D4FF000FE824 /* Supporting Files */ = {
			isa = PBXGroup;
			children = (
				87E42A8B1A87D4FF000FE824 /* Info.plist */,
			);
			name = "Supporting Files";
			sourceTree = "<group>";
		};
/* End PBXGroup section */

/* Begin PBXNativeTarget section */
		87E42A691A87D4FE000FE824 /* CPM1502_Week2 */ = {
			isa = PBXNativeTarget;
			buildConfigurationList = 87E42A901A87D4FF000FE824 /* Build configuration list for PBXNativeTarget "CPM1502_Week2" */;
			buildPhases = (
				87E42A661A87D4FE000FE824 /* Sources */,
				87E42A671A87D4FE000FE824 /* Frameworks */,
				87E42A681A87D4FE000FE824 /* Resources */,
			);
			buildRules = (
			);
			dependencies = (
			);
			name = CPM1502_Week2;
			productName = CPM1502_Week2;
			productReference = 87E42A6A1A87D4FE000FE824 /* CPM1502_Week2.app */;
			productType = "com.apple.product-type.application";
		};
		87E42A851A87D4FE000FE824 /* CPM1502_Week2Tests */ = {
			isa = PBXNativeTarget;
			buildConfigurationList = 87E42A931A87D4FF000FE824 /* Build configuration list for PBXNativeTarget "CPM1502_Week2Tests" */;
			buildPhases = (
				87E42A821A87D4FE000FE824 /* Sources */,
				87E42A831A87D4FE000FE824 /* Frameworks */,
				87E42A841A87D4FE000FE824 /* Resources */,
			);
			buildRules = (
			);
			dependencies = (
				87E42A881A87D4FF000FE824 /* PBXTargetDependency */,
			);
			name = CPM1502_Week2Tests;
			productName = CPM1502_Week2Tests;
			productReference = 87E42A861A87D4FF000FE824 /* CPM1502_Week2Tests.xctest */;
			productType = "com.apple.product-type.bundle.unit-test";
		};
/* End PBXNativeTarget section */

/* Begin PBXProject section */
		87E42A621A87D4FE000FE824 /* Project object */ = {
			isa = PBXProject;
			attributes = {
				LastUpgradeCheck = 0610;
				ORGANIZATIONNAME = "Kyle Kauck";
				TargetAttributes = {
					87E42A691A87D4FE000FE824 = {
						CreatedOnToolsVersion = 6.1.1;
					};
					87E42A851A87D4FE000FE824 = {
						CreatedOnToolsVersion = 6.1.1;
						TestTargetID = 87E42A691A87D4FE000FE824;
					};
				};
			};
			buildConfigurationList = 87E42A651A87D4FE000FE824 /* Build configuration list for PBXProject "CPM1502_Week2" */;
			compatibilityVersion = "Xcode 3.2";
			developmentRegion = English;
			hasScannedForEncodings = 0;
			knownRegions = (
				en,
				Base,
			);
			mainGroup = 87E42A611A87D4FE000FE824;
			productRefGroup = 87E42A6B1A87D4FE000FE824 /* Products */;
			projectDirPath = "";
			projectRoot = "";
			targets = (
				87E42A691A87D4FE000FE824 /* CPM1502_Week2 */,
				87E42A851A87D4FE000FE824 /* CPM1502_Week2Tests */,
			);
		};
/* End PBXProject section */

/* Begin PBXResourcesBuildPhase section */
		87E42A681A87D4FE000FE824 /* Resources */ = {
			isa = PBXResourcesBuildPhase;
			buildActionMask = 2147483647;
			files = (
				87E42A7C1A87D4FE000FE824 /* Main.storyboard in Resources */,
				87E42AB11A87DC13000FE824 /* Default-568h@2x.png in Resources */,
				87E42A811A87D4FE000FE824 /* LaunchScreen.xib in Resources */,
				87E42A7E1A87D4FE000FE824 /* Images.xcassets in Resources */,
			);
			runOnlyForDeploymentPostprocessing = 0;
		};
		87E42A841A87D4FE000FE824 /* Resources */ = {
			isa = PBXResourcesBuildPhase;
			buildActionMask = 2147483647;
			files = (
			);
			runOnlyForDeploymentPostprocessing = 0;
		};
/* End PBXResourcesBuildPhase section */

/* Begin PBXSourcesBuildPhase section */
		87E42A661A87D4FE000FE824 /* Sources */ = {
			isa = PBXSourcesBuildPhase;
			buildActionMask = 2147483647;
			files = (
				87E42A731A87D4FE000FE824 /* AppDelegate.m in Sources */,
				87E42A761A87D4FE000FE824 /* CPM1502_Week2.xcdatamodeld in Sources */,
				87E42A791A87D4FE000FE824 /* ViewController.m in Sources */,
				87D2BC9B1A88FD0C004C0490 /* CreateLogin.m in Sources */,
				87E42A701A87D4FE000FE824 /* main.m in Sources */,
				87D2BC9E1A890931004C0490 /* MainDisplay.m in Sources */,
				873C639D1A8918BE00DAA8AA /* AddGame.m in Sources */,
			);
			runOnlyForDeploymentPostprocessing = 0;
		};
		87E42A821A87D4FE000FE824 /* Sources */ = {
			isa = PBXSourcesBuildPhase;
			buildActionMask = 2147483647;
			files = (
				87E42A8D1A87D4FF000FE824 /* CPM1502_Week2Tests.m in Sources */,
			);
			runOnlyForDeploymentPostprocessing = 0;
		};
/* End PBXSourcesBuildPhase section */

/* Begin PBXTargetDependency section */
		87E42A881A87D4FF000FE824 /* PBXTargetDependency */ = {
			isa = PBXTargetDependency;
			target = 87E42A691A87D4FE000FE824 /* CPM1502_Week2 */;
			targetProxy = 87E42A871A87D4FF000FE824 /* PBXContainerItemProxy */;
		};
/* End PBXTargetDependency section */

/* Begin PBXVariantGroup section */
		87E42A7A1A87D4FE000FE824 /* Main.storyboard */ = {
			isa = PBXVariantGroup;
			children = (
				87E42A7B1A87D4FE000FE824 /* Base */,
			);
			name = Main.storyboard;
			sourceTree = "<group>";
		};
		87E42A7F1A87D4FE000FE824 /* LaunchScreen.xib */ = {
			isa = PBXVariantGroup;
			children = (
				87E42A801A87D4FE000FE824 /* Base */,
			);
			name = LaunchScreen.xib;
			sourceTree = "<group>";
		};
/* End PBXVariantGroup section */

/* Begin XCBuildConfiguration section */
		87E42A8E1A87D4FF000FE824 /* Debug */ = {
			isa = XCBuildConfiguration;
			buildSettings = {
				ALWAYS_SEARCH_USER_PATHS = NO;
				CLANG_CXX_LANGUAGE_STANDARD = "gnu++0x";
				CLANG_CXX_LIBRARY = "libc++";
				CLANG_ENABLE_MODULES = YES;
				CLANG_ENABLE_OBJC_ARC = YES;
				CLANG_WARN_BOOL_CONVERSION = YES;
				CLANG_WARN_CONSTANT_CONVERSION = YES;
				CLANG_WARN_DIRECT_OBJC_ISA_USAGE = YES_ERROR;
				CLANG_WARN_EMPTY_BODY = YES;
				CLANG_WARN_ENUM_CONVERSION = YES;
				CLANG_WARN_INT_CONVERSION = YES;
				CLANG_WARN_OBJC_ROOT_CLASS = YES_ERROR;
				CLANG_WARN_UNREACHABLE_CODE = YES;
				CLANG_WARN__DUPLICATE_METHOD_MATCH = YES;
				"CODE_SIGN_IDENTITY[sdk=iphoneos*]" = "iPhone Developer";
				COPY_PHASE_STRIP = NO;
				ENABLE_STRICT_OBJC_MSGSEND = YES;
				GCC_C_LANGUAGE_STANDARD = gnu99;
				GCC_DYNAMIC_NO_PIC = NO;
				GCC_OPTIMIZATION_LEVEL = 0;
				GCC_PREPROCESSOR_DEFINITIONS = (
					"DEBUG=1",
					"$(inherited)",
				);
				GCC_SYMBOLS_PRIVATE_EXTERN = NO;
				GCC_WARN_64_TO_32_BIT_CONVERSION = YES;
				GCC_WARN_ABOUT_RETURN_TYPE = YES_ERROR;
				GCC_WARN_UNDECLARED_SELECTOR = YES;
				GCC_WARN_UNINITIALIZED_AUTOS = YES_AGGRESSIVE;
				GCC_WARN_UNUSED_FUNCTION = YES;
				GCC_WARN_UNUSED_VARIABLE = YES;
				IPHONEOS_DEPLOYMENT_TARGET = 8.1;
				MTL_ENABLE_DEBUG_INFO = YES;
				ONLY_ACTIVE_ARCH = YES;
				SDKROOT = iphoneos;
			};
			name = Debug;
		};
		87E42A8F1A87D4FF000FE824 /* Release */ = {
			isa = XCBuildConfiguration;
			buildSettings = {
				ALWAYS_SEARCH_USER_PATHS = NO;
				CLANG_CXX_LANGUAGE_STANDARD = "gnu++0x";
				CLANG_CXX_LIBRARY = "libc++";
				CLANG_ENABLE_MODULES = YES;
				CLANG_ENABLE_OBJC_ARC = YES;
				CLANG_WARN_BOOL_CONVERSION = YES;
				CLANG_WARN_CONSTANT_CONVERSION = YES;
				CLANG_WARN_DIRECT_OBJC_ISA_USAGE = YES_ERROR;
				CLANG_WARN_EMPTY_BODY = YES;
				CLANG_WARN_ENUM_CONVERSION = YES;
				CLANG_WARN_INT_CONVERSION = YES;
				CLANG_WARN_OBJC_ROOT_CLASS = YES_ERROR;
				CLANG_WARN_UNREACHABLE_CODE = YES;
				CLANG_WARN__DUPLICATE_METHOD_MATCH = YES;
				"CODE_SIGN_IDENTITY[sdk=iphoneos*]" = "iPhone Developer";
				COPY_PHASE_STRIP = YES;
				ENABLE_NS_ASSERTIONS = NO;
				ENABLE_STRICT_OBJC_MSGSEND = YES;
				GCC_C_LANGUAGE_STANDARD = gnu99;
				GCC_WARN_64_TO_32_BIT_CONVERSION = YES;
				GCC_WARN_ABOUT_RETURN_TYPE = YES_ERROR;
				GCC_WARN_UNDECLARED_SELECTOR = YES;
				GCC_WARN_UNINITIALIZED_AUTOS = YES_AGGRESSIVE;
				GCC_WARN_UNUSED_FUNCTION = YES;
				GCC_WARN_UNUSED_VARIABLE = YES;
				IPHONEOS_DEPLOYMENT_TARGET = 8.1;
				MTL_ENABLE_DEBUG_INFO = NO;
				SDKROOT = iphoneos;
				VALIDATE_PRODUCT = YES;
			};
			name = Release;
		};
		87E42A911A87D4FF000FE824 /* Debug */ = {
			isa = XCBuildConfiguration;
			buildSettings = {
				ASSETCATALOG_COMPILER_APPICON_NAME = AppIcon;
				CODE_SIGN_IDENTITY = "iPhone Developer";
				FRAMEWORK_SEARCH_PATHS = (
					"$(inherited)",
					"$(PROJECT_DIR)",
				);
				INFOPLIST_FILE = CPM1502_Week2/Info.plist;
				LD_RUNPATH_SEARCH_PATHS = "$(inherited) @executable_path/Frameworks";
				PRODUCT_NAME = "$(TARGET_NAME)";
				TARGETED_DEVICE_FAMILY = 1;
			};
			name = Debug;
		};
		87E42A921A87D4FF000FE824 /* Release */ = {
			isa = XCBuildConfiguration;
			buildSettings = {
				ASSETCATALOG_COMPILER_APPICON_NAME = AppIcon;
				CODE_SIGN_IDENTITY = "iPhone Developer";
				FRAMEWORK_SEARCH_PATHS = (
					"$(inherited)",
					"$(PROJECT_DIR)",
				);
				INFOPLIST_FILE = CPM1502_Week2/Info.plist;
				LD_RUNPATH_SEARCH_PATHS = "$(inherited) @executable_path/Frameworks";
				PRODUCT_NAME = "$(TARGET_NAME)";
				TARGETED_DEVICE_FAMILY = 1;
			};
			name = Release;
		};
		87E42A941A87D4FF000FE824 /* Debug */ = {
			isa = XCBuildConfiguration;
			buildSettings = {
				BUNDLE_LOADER = "$(TEST_HOST)";
				FRAMEWORK_SEARCH_PATHS = (
					"$(SDKROOT)/Developer/Library/Frameworks",
					"$(inherited)",
				);
				GCC_PREPROCESSOR_DEFINITIONS = (
					"DEBUG=1",
					"$(inherited)",
				);
				INFOPLIST_FILE = CPM1502_Week2Tests/Info.plist;
				LD_RUNPATH_SEARCH_PATHS = "$(inherited) @executable_path/Frameworks @loader_path/Frameworks";
				PRODUCT_NAME = "$(TARGET_NAME)";
				TEST_HOST = "$(BUILT_PRODUCTS_DIR)/CPM1502_Week2.app/CPM1502_Week2";
			};
			name = Debug;
		};
		87E42A951A87D4FF000FE824 /* Release */ = {
			isa = XCBuildConfiguration;
			buildSettings = {
				BUNDLE_LOADER = "$(TEST_HOST)";
				FRAMEWORK_SEARCH_PATHS = (
					"$(SDKROOT)/Developer/Library/Frameworks",
					"$(inherited)",
				);
				INFOPLIST_FILE = CPM1502_Week2Tests/Info.plist;
				LD_RUNPATH_SEARCH_PATHS = "$(inherited) @executable_path/Frameworks @loader_path/Frameworks";
				PRODUCT_NAME = "$(TARGET_NAME)";
				TEST_HOST = "$(BUILT_PRODUCTS_DIR)/CPM1502_Week2.app/CPM1502_Week2";
			};
			name = Release;
		};
/* End XCBuildConfiguration section */

/* Begin XCConfigurationList section */
		87E42A651A87D4FE000FE824 /* Build configuration list for PBXProject "CPM1502_Week2" */ = {
			isa = XCConfigurationList;
			buildConfigurations = (
				87E42A8E1A87D4FF000FE824 /* Debug */,
				87E42A8F1A87D4FF000FE824 /* Release */,
			);
			defaultConfigurationIsVisible = 0;
			defaultConfigurationName = Release;
		};
		87E42A901A87D4FF000FE824 /* Build configuration list for PBXNativeTarget "CPM1502_Week2" */ = {
			isa = XCConfigurationList;
			buildConfigurations = (
				87E42A911A87D4FF000FE824 /* Debug */,
				87E42A921A87D4FF000FE824 /* Release */,
			);
			defaultConfigurationIsVisible = 0;
			defaultConfigurationName = Release;
		};
		87E42A931A87D4FF000FE824 /* Build configuration list for PBXNativeTarget "CPM1502_Week2Tests" */ = {
			isa = XCConfigurationList;
			buildConfigurations = (
				87E42A941A87D4FF000FE824 /* Debug */,
				87E42A951A87D4FF000FE824 /* Release */,
			);
			defaultConfigurationIsVisible = 0;
			defaultConfigurationName = Release;
		};
/* End XCConfigurationList section */

/* Begin XCVersionGroup section */
		87E42A741A87D4FE000FE824 /* CPM1502_Week2.xcdatamodeld */ = {
			isa = XCVersionGroup;
			children = (
				87E42A751A87D4FE000FE824 /* CPM1502_Week2.xcdatamodel */,
			);
			currentVersion = 87E42A751A87D4FE000FE824 /* CPM1502_Week2.xcdatamodel */;
			path = CPM1502_Week2.xcdatamodeld;
			sourceTree = "<group>";
			versionGroupType = wrapper.xcdatamodel;
		};
/* End XCVersionGroup section */
	};
	rootObject = 87E42A621A87D4FE000FE824 /* Project object */;
}
